
Microsoft Visual Studio Solution File, Format Version 12.00
# Visual Studio Version 17
VisualStudioVersion = 17.5.33627.172
MinimumVisualStudioVersion = 10.0.40219.1
Project("{9A19103F-16F7-4668-BE54-9A1E7A4F7556}") = "health-calc-pack-dotnet-pack", "health-calc-pack-dotnet-pack\health-calc-pack-dotnet-pack.csproj", "{C31C09DE-9FE6-4017-BD2F-8B7D51576791}"
EndProject
Project("{FAE04EC0-301F-11D3-BF4B-00C04F79EFBC}") = "health-calc-pack-dotnet-console", "health-calc-pack-dotnet-console\health-calc-pack-dotnet-console.csproj", "{6B5A96EF-07E8-4701-A2D0-8FC3CFF033A5}"
EndProject
Project("{FAE04EC0-301F-11D3-BF4B-00C04F79EFBC}") = "health-calc-pack-dotnet-test", "health-calc-pack-dotnet-test\health-calc-pack-dotnet-test.csproj", "{A054D4C7-08E6-426F-A02F-603104CBF8A5}"
EndProject
Global
	GlobalSection(SolutionConfigurationPlatforms) = preSolution
		Debug|Any CPU = Debug|Any CPU
		Release|Any CPU = Release|Any CPU
	EndGlobalSection
	GlobalSection(ProjectConfigurationPlatforms) = postSolution
		{C31C09DE-9FE6-4017-BD2F-8B7D51576791}.Debug|Any CPU.ActiveCfg = Debug|Any CPU
		{C31C09DE-9FE6-4017-BD2F-8B7D51576791}.Debug|Any CPU.Build.0 = Debug|Any CPU
		{C31C09DE-9FE6-4017-BD2F-8B7D51576791}.Release|Any CPU.ActiveCfg = Release|Any CPU
		{C31C09DE-9FE6-4017-BD2F-8B7D51576791}.Release|Any CPU.Build.0 = Release|Any CPU
		{6B5A96EF-07E8-4701-A2D0-8FC3CFF033A5}.Debug|Any CPU.ActiveCfg = Debug|Any CPU
		{6B5A96EF-07E8-4701-A2D0-8FC3CFF033A5}.Debug|Any CPU.Build.0 = Debug|Any CPU
		{6B5A96EF-07E8-4701-A2D0-8FC3CFF033A5}.Release|Any CPU.ActiveCfg = Release|Any CPU
		{6B5A96EF-07E8-4701-A2D0-8FC3CFF033A5}.Release|Any CPU.Build.0 = Release|Any CPU
		{A054D4C7-08E6-426F-A02F-603104CBF8A5}.Debug|Any CPU.ActiveCfg = Debug|Any CPU
		{A054D4C7-08E6-426F-A02F-603104CBF8A5}.Debug|Any CPU.Build.0 = Debug|Any CPU
		{A054D4C7-08E6-426F-A02F-603104CBF8A5}.Release|Any CPU.ActiveCfg = Release|Any CPU
		{A054D4C7-08E6-426F-A02F-603104CBF8A5}.Release|Any CPU.Build.0 = Release|Any CPU
	EndGlobalSection
	GlobalSection(SolutionProperties) = preSolution
		HideSolutionNode = FALSE
	EndGlobalSection
	GlobalSection(ExtensibilityGlobals) = postSolution
		SolutionGuid = {4A526B74-114F-41D9-80D6-99D1E54D522A}
	EndGlobalSection
EndGlobal
